PODS:
  - Flutter (1.0.0)
  - lbwBDFace (0.0.1):
    - Flutter

DEPENDENCIES:
  - Flutter (from `Flutter`)
  - lbwBDFace (from `.symlinks/plugins/lbwBDFace/ios`)

EXTERNAL SOURCES:
  Flutter:
    :path: Flutter
  lbwBDFace:
    :path: ".symlinks/plugins/lbwBDFace/ios"

SPEC CHECKSUMS:
  Flutter: 0e3d915762c693b495b44d77113d4970485de6ec
  lbwBDFace: eafd14a0bec8a1a171f819a82ddf6a82fd60fd1b

PODFILE CHECKSUM: 8e679eca47255a8ca8067c4c67aab20e64cb974d

COCOAPODS: 1.9.3
